
Microsoft Visual Studio Solution File, Format Version 12.00
# Visual Studio 15
VisualStudioVersion = 15.0.27130.2003
MinimumVisualStudioVersion = 10.0.40219.1
Project("{FAE04EC0-301F-11D3-BF4B-00C04F79EFBC}") = "SoapConsumeEksame", "SoapConsumeEksame\SoapConsumeEksame.csproj", "{ECCD73E8-AEF8-4230-9B09-BB927A3311A4}"
EndProject
Global
	GlobalSection(SolutionConfigurationPlatforms) = preSolution
		Debug|Any CPU = Debug|Any CPU
		Release|Any CPU = Release|Any CPU
	EndGlobalSection
	GlobalSection(ProjectConfigurationPlatforms) = postSolution
		{ECCD73E8-AEF8-4230-9B09-BB927A3311A4}.Debug|Any CPU.ActiveCfg = Debug|Any CPU
		{ECCD73E8-AEF8-4230-9B09-BB927A3311A4}.Debug|Any CPU.Build.0 = Debug|Any CPU
		{ECCD73E8-AEF8-4230-9B09-BB927A3311A4}.Release|Any CPU.ActiveCfg = Release|Any CPU
		{ECCD73E8-AEF8-4230-9B09-BB927A3311A4}.Release|Any CPU.Build.0 = Release|Any CPU
	EndGlobalSection
	GlobalSection(SolutionProperties) = preSolution
		HideSolutionNode = FALSE
	EndGlobalSection
	GlobalSection(ExtensibilityGlobals) = postSolution
		SolutionGuid = {46336B10-29A7-4D7F-8338-74EB0BFE5A7A}
	EndGlobalSection
EndGlobal
